// !$*UTF8*$!
{
	archiveVersion = 1;
	classes = {
	};
	objectVersion = 50;
	objects = {

/* Begin PBXBuildFile section */
		8102CDCD2982FFFB0073CBAB /* ToggleItem.swift in Sources */ = {isa = PBXBuildFile; fileRef = 8102CDCC2982FFFB0073CBAB /* ToggleItem.swift */; };
		8102CDD02983932F0073CBAB /* UIApplication+Extensions.h in Headers */ = {isa = PBXBuildFile; fileRef = 8102CDCE2983932F0073CBAB /* UIApplication+Extensions.h */; };
		8102CDD12983932F0073CBAB /* UIApplication+Extensions.m in Sources */ = {isa = PBXBuildFile; fileRef = 8102CDCF2983932F0073CBAB /* UIApplication+Extensions.m */; };
		812AEA552551ABC4003AB231 /* UIView+Extensions.h in Headers */ = {isa = PBXBuildFile; fileRef = 812AEA532551ABC4003AB231 /* UIView+Extensions.h */; settings = {ATTRIBUTES = (Private, ); }; };
		812AEA562551ABC4003AB231 /* UIView+Extensions.m in Sources */ = {isa = PBXBuildFile; fileRef = 812AEA542551ABC4003AB231 /* UIView+Extensions.m */; };
		812AEA712552929B003AB231 /* TBTabBarItemsDifference.h in Headers */ = {isa = PBXBuildFile; fileRef = 812AEA6F2552929B003AB231 /* TBTabBarItemsDifference.h */; settings = {ATTRIBUTES = (Public, ); }; };
		812AEA722552929B003AB231 /* TBTabBarItemsDifference.m in Sources */ = {isa = PBXBuildFile; fileRef = 812AEA702552929B003AB231 /* TBTabBarItemsDifference.m */; };
		812AEA77255292DF003AB231 /* TBTabBarItemChange.h in Headers */ = {isa = PBXBuildFile; fileRef = 812AEA75255292DF003AB231 /* TBTabBarItemChange.h */; settings = {ATTRIBUTES = (Public, ); }; };
		812AEA78255292DF003AB231 /* TBTabBarItemChange.m in Sources */ = {isa = PBXBuildFile; fileRef = 812AEA76255292DF003AB231 /* TBTabBarItemChange.m */; };
		813570BC2558E9E100CC91B8 /* _TBStackView.h in Headers */ = {isa = PBXBuildFile; fileRef = 813570BA2558E9E100CC91B8 /* _TBStackView.h */; settings = {ATTRIBUTES = (Private, ); }; };
		813570BD2558E9E100CC91B8 /* _TBStackView.m in Sources */ = {isa = PBXBuildFile; fileRef = 813570BB2558E9E100CC91B8 /* _TBStackView.m */; };
		814B128924BAD64E0063A09D /* TBTabBarControllerFramework.h in Headers */ = {isa = PBXBuildFile; fileRef = 814B128724BAD64E0063A09D /* TBTabBarControllerFramework.h */; settings = {ATTRIBUTES = (Public, ); }; };
		814C6EB7257FD65700D7C6DC /* AppDelegate.m in Sources */ = {isa = PBXBuildFile; fileRef = 814C6EB6257FD65700D7C6DC /* AppDelegate.m */; };
		814C6EBA257FD65700D7C6DC /* SceneDelegate.m in Sources */ = {isa = PBXBuildFile; fileRef = 814C6EB9257FD65700D7C6DC /* SceneDelegate.m */; };
		814C6EBD257FD65700D7C6DC /* TabViewController.m in Sources */ = {isa = PBXBuildFile; fileRef = 814C6EBC257FD65700D7C6DC /* TabViewController.m */; };
		814C6EC2257FD65900D7C6DC /* Assets.xcassets in Resources */ = {isa = PBXBuildFile; fileRef = 814C6EC1257FD65900D7C6DC /* Assets.xcassets */; };
		814C6EC5257FD65900D7C6DC /* LaunchScreen.storyboard in Resources */ = {isa = PBXBuildFile; fileRef = 814C6EC3257FD65900D7C6DC /* LaunchScreen.storyboard */; };
		814C6EC8257FD65900D7C6DC /* main.m in Sources */ = {isa = PBXBuildFile; fileRef = 814C6EC7257FD65900D7C6DC /* main.m */; };
		814C6ED0257FE64500D7C6DC /* TabBarController.m in Sources */ = {isa = PBXBuildFile; fileRef = 814C6ECF257FE64500D7C6DC /* TabBarController.m */; };
		814C6ED9257FEB9700D7C6DC /* SettingsViewController.m in Sources */ = {isa = PBXBuildFile; fileRef = 814C6ED8257FEB9700D7C6DC /* SettingsViewController.m */; };
		814C6EDE257FED3400D7C6DC /* ToggleTableViewCell.m in Sources */ = {isa = PBXBuildFile; fileRef = 814C6EDD257FED3400D7C6DC /* ToggleTableViewCell.m */; };
		814C6EE1257FF0BE00D7C6DC /* TBTabBarController.framework in Frameworks */ = {isa = PBXBuildFile; fileRef = 814B128424BAD64E0063A09D /* TBTabBarController.framework */; };
		814C6EE2257FF0BE00D7C6DC /* TBTabBarController.framework in Embed Frameworks */ = {isa = PBXBuildFile; fileRef = 814B128424BAD64E0063A09D /* TBTabBarController.framework */; settings = {ATTRIBUTES = (CodeSignOnCopy, RemoveHeadersOnCopy, ); }; };
		814C6EEC2580B50600D7C6DC /* EntryPoint.m in Sources */ = {isa = PBXBuildFile; fileRef = 814C6EEB2580B50600D7C6DC /* EntryPoint.m */; };
		814C6EF52580B80900D7C6DC /* AppDelegate.swift in Sources */ = {isa = PBXBuildFile; fileRef = 814C6EF42580B80900D7C6DC /* AppDelegate.swift */; };
		814C6EF72580B80900D7C6DC /* SceneDelegate.swift in Sources */ = {isa = PBXBuildFile; fileRef = 814C6EF62580B80900D7C6DC /* SceneDelegate.swift */; };
		814C6EF92580B80900D7C6DC /* TabViewController.swift in Sources */ = {isa = PBXBuildFile; fileRef = 814C6EF82580B80900D7C6DC /* TabViewController.swift */; };
		814C6EFE2580B80B00D7C6DC /* Assets.xcassets in Resources */ = {isa = PBXBuildFile; fileRef = 814C6EFD2580B80B00D7C6DC /* Assets.xcassets */; };
		814C6F012580B80B00D7C6DC /* LaunchScreen.storyboard in Resources */ = {isa = PBXBuildFile; fileRef = 814C6EFF2580B80B00D7C6DC /* LaunchScreen.storyboard */; };
		814C6F082580B81E00D7C6DC /* TBTabBarController.framework in Frameworks */ = {isa = PBXBuildFile; fileRef = 814B128424BAD64E0063A09D /* TBTabBarController.framework */; };
		814C6F092580B81E00D7C6DC /* TBTabBarController.framework in Embed Frameworks */ = {isa = PBXBuildFile; fileRef = 814B128424BAD64E0063A09D /* TBTabBarController.framework */; settings = {ATTRIBUTES = (CodeSignOnCopy, RemoveHeadersOnCopy, ); }; };
		814C6F122580B93900D7C6DC /* TabBarController.swift in Sources */ = {isa = PBXBuildFile; fileRef = 814C6F112580B93900D7C6DC /* TabBarController.swift */; };
		814C6F182580C74000D7C6DC /* SettingsViewController.swift in Sources */ = {isa = PBXBuildFile; fileRef = 814C6F172580C74000D7C6DC /* SettingsViewController.swift */; };
		814C6F1B2580C84000D7C6DC /* ToggleTableViewCell.swift in Sources */ = {isa = PBXBuildFile; fileRef = 814C6F1A2580C84000D7C6DC /* ToggleTableViewCell.swift */; };
		814C6F1E2580D16500D7C6DC /* EntryPoint.swift in Sources */ = {isa = PBXBuildFile; fileRef = 814C6F1D2580D16500D7C6DC /* EntryPoint.swift */; };
		815C582E256A4DA200001E21 /* TBSimpleBar.h in Headers */ = {isa = PBXBuildFile; fileRef = 815C582C256A4DA200001E21 /* TBSimpleBar.h */; settings = {ATTRIBUTES = (Public, ); }; };
		815C582F256A4DA200001E21 /* TBSimpleBar.m in Sources */ = {isa = PBXBuildFile; fileRef = 815C582D256A4DA200001E21 /* TBSimpleBar.m */; };
		8185B60329850F0A00A97CA2 /* NSArray+Extensions.h in Headers */ = {isa = PBXBuildFile; fileRef = 8185B60129850F0A00A97CA2 /* NSArray+Extensions.h */; };
		8185B60429850F0A00A97CA2 /* NSArray+Extensions.m in Sources */ = {isa = PBXBuildFile; fileRef = 8185B60229850F0A00A97CA2 /* NSArray+Extensions.m */; };
		818F46F929882FD2008F2E41 /* _TBTabBarControllerTransitionContext.h in Headers */ = {isa = PBXBuildFile; fileRef = 818F46F729882FD2008F2E41 /* _TBTabBarControllerTransitionContext.h */; };
		818F46FA29882FD2008F2E41 /* _TBTabBarControllerTransitionContext.m in Sources */ = {isa = PBXBuildFile; fileRef = 818F46F829882FD2008F2E41 /* _TBTabBarControllerTransitionContext.m */; };
		818F46FD2988F2A8008F2E41 /* _TBTabBarControllerTransitionAnimator.h in Headers */ = {isa = PBXBuildFile; fileRef = 818F46FB2988F2A8008F2E41 /* _TBTabBarControllerTransitionAnimator.h */; };
		818F46FE2988F2A8008F2E41 /* _TBTabBarControllerTransitionAnimator.m in Sources */ = {isa = PBXBuildFile; fileRef = 818F46FC2988F2A8008F2E41 /* _TBTabBarControllerTransitionAnimator.m */; };
		81B2147024BAD90800DF7E2C /* TBTabBarController.h in Headers */ = {isa = PBXBuildFile; fileRef = 81B2146E24BAD90800DF7E2C /* TBTabBarController.h */; settings = {ATTRIBUTES = (Public, ); }; };
		81B2147124BAD90800DF7E2C /* TBTabBarController.m in Sources */ = {isa = PBXBuildFile; fileRef = 81B2146F24BAD90800DF7E2C /* TBTabBarController.m */; };
		81B2147624BAD96C00DF7E2C /* TBTabBar.h in Headers */ = {isa = PBXBuildFile; fileRef = 81B2147424BAD96C00DF7E2C /* TBTabBar.h */; settings = {ATTRIBUTES = (Public, ); }; };
		81B2147724BAD96C00DF7E2C /* TBTabBar.m in Sources */ = {isa = PBXBuildFile; fileRef = 81B2147524BAD96C00DF7E2C /* TBTabBar.m */; };
		81B2147A24BAD99400DF7E2C /* TBTabBarItem.h in Headers */ = {isa = PBXBuildFile; fileRef = 81B2147824BAD99400DF7E2C /* TBTabBarItem.h */; settings = {ATTRIBUTES = (Public, ); }; };
		81B2147B24BAD99400DF7E2C /* TBTabBarItem.m in Sources */ = {isa = PBXBuildFile; fileRef = 81B2147924BAD99400DF7E2C /* TBTabBarItem.m */; };
		81B2147E24BAD9C100DF7E2C /* TBTabBarButton.h in Headers */ = {isa = PBXBuildFile; fileRef = 81B2147C24BAD9C100DF7E2C /* TBTabBarButton.h */; settings = {ATTRIBUTES = (Public, ); }; };
		81B2147F24BAD9C100DF7E2C /* TBTabBarButton.m in Sources */ = {isa = PBXBuildFile; fileRef = 81B2147D24BAD9C100DF7E2C /* TBTabBarButton.m */; };
		81B2148124BAD9F500DF7E2C /* TBTabBar+Private.h in Headers */ = {isa = PBXBuildFile; fileRef = 81B2148024BAD9F500DF7E2C /* TBTabBar+Private.h */; settings = {ATTRIBUTES = (Public, ); }; };
		81B2148424BADA1500DF7E2C /* TBDummyBar.h in Headers */ = {isa = PBXBuildFile; fileRef = 81B2148224BADA1500DF7E2C /* TBDummyBar.h */; settings = {ATTRIBUTES = (Public, ); }; };
		81B2148524BADA1500DF7E2C /* TBDummyBar.m in Sources */ = {isa = PBXBuildFile; fileRef = 81B2148324BADA1500DF7E2C /* TBDummyBar.m */; };
		81B2148824BADA5800DF7E2C /* _TBTabBarLongPressState.h in Headers */ = {isa = PBXBuildFile; fileRef = 81B2148624BADA5800DF7E2C /* _TBTabBarLongPressState.h */; settings = {ATTRIBUTES = (Private, ); }; };
		81B2148924BADA5800DF7E2C /* _TBTabBarLongPressState.m in Sources */ = {isa = PBXBuildFile; fileRef = 81B2148724BADA5800DF7E2C /* _TBTabBarLongPressState.m */; };
		81B2148C24BADBDC00DF7E2C /* _TBUtils.h in Headers */ = {isa = PBXBuildFile; fileRef = 81B2148A24BADBDC00DF7E2C /* _TBUtils.h */; settings = {ATTRIBUTES = (Private, ); }; };
		81B2148D24BADBDC00DF7E2C /* _TBUtils.m in Sources */ = {isa = PBXBuildFile; fileRef = 81B2148B24BADBDC00DF7E2C /* _TBUtils.m */; };
		81B2149424BAEBFA00DF7E2C /* UINavigationController+Extensions.h in Headers */ = {isa = PBXBuildFile; fileRef = 81B2149224BAEBFA00DF7E2C /* UINavigationController+Extensions.h */; settings = {ATTRIBUTES = (Private, ); }; };
		81B2149524BAEBFA00DF7E2C /* UINavigationController+Extensions.m in Sources */ = {isa = PBXBuildFile; fileRef = 81B2149324BAEBFA00DF7E2C /* UINavigationController+Extensions.m */; };
		81BC8E252574E15E00222814 /* TBTabBarController+Private.h in Headers */ = {isa = PBXBuildFile; fileRef = 81B2147224BAD94700DF7E2C /* TBTabBarController+Private.h */; settings = {ATTRIBUTES = (Public, ); }; };
		81BC8E322575208800222814 /* _TBTabBarControllerTransitionState.h in Headers */ = {isa = PBXBuildFile; fileRef = 81BC8E302575208800222814 /* _TBTabBarControllerTransitionState.h */; settings = {ATTRIBUTES = (Private, ); }; };
		81BC8E332575208800222814 /* _TBTabBarControllerTransitionState.m in Sources */ = {isa = PBXBuildFile; fileRef = 81BC8E312575208800222814 /* _TBTabBarControllerTransitionState.m */; };
/* End PBXBuildFile section */

/* Begin PBXContainerItemProxy section */
		814C6EE3257FF0BE00D7C6DC /* PBXContainerItemProxy */ = {
			isa = PBXContainerItemProxy;
			containerPortal = 814B127B24BAD64E0063A09D /* Project object */;
			proxyType = 1;
			remoteGlobalIDString = 814B128324BAD64E0063A09D;
			remoteInfo = TBTabBarController;
		};
		814C6F0A2580B81E00D7C6DC /* PBXContainerItemProxy */ = {
			isa = PBXContainerItemProxy;
			containerPortal = 814B127B24BAD64E0063A09D /* Project object */;
			proxyType = 1;
			remoteGlobalIDString = 814B128324BAD64E0063A09D;
			remoteInfo = TBTabBarController;
		};
/* End PBXContainerItemProxy section */

/* Begin PBXCopyFilesBuildPhase section */
		814C6EE5257FF0BE00D7C6DC /* Embed Frameworks */ = {
			isa = PBXCopyFilesBuildPhase;
			buildActionMask = 2147483647;
			dstPath = "";
			dstSubfolderSpec = 10;
			files = (
				814C6EE2257FF0BE00D7C6DC /* TBTabBarController.framework in Embed Frameworks */,
			);
			name = "Embed Frameworks";
			runOnlyForDeploymentPostprocessing = 0;
		};
		814C6F0C2580B81E00D7C6DC /* Embed Frameworks */ = {
			isa = PBXCopyFilesBuildPhase;
			buildActionMask = 2147483647;
			dstPath = "";
			dstSubfolderSpec = 10;
			files = (
				814C6F092580B81E00D7C6DC /* TBTabBarController.framework in Embed Frameworks */,
			);
			name = "Embed Frameworks";
			runOnlyForDeploymentPostprocessing = 0;
		};
/* End PBXCopyFilesBuildPhase section */

/* Begin PBXFileReference section */
		8102CDCC2982FFFB0073CBAB /* ToggleItem.swift */ = {isa = PBXFileReference; lastKnownFileType = sourcecode.swift; path = ToggleItem.swift; sourceTree = "<group>"; };
		8102CDCE2983932F0073CBAB /* UIApplication+Extensions.h */ = {isa = PBXFileReference; lastKnownFileType = sourcecode.c.h; path = "UIApplication+Extensions.h"; sourceTree = "<group>"; };
		8102CDCF2983932F0073CBAB /* UIApplication+Extensions.m */ = {isa = PBXFileReference; lastKnownFileType = sourcecode.c.objc; path = "UIApplication+Extensions.m"; sourceTree = "<group>"; };
		812AEA532551ABC4003AB231 /* UIView+Extensions.h */ = {isa = PBXFileReference; lastKnownFileType = sourcecode.c.h; path = "UIView+Extensions.h"; sourceTree = "<group>"; };
		812AEA542551ABC4003AB231 /* UIView+Extensions.m */ = {isa = PBXFileReference; lastKnownFileType = sourcecode.c.objc; path = "UIView+Extensions.m"; sourceTree = "<group>"; };
		812AEA6F2552929B003AB231 /* TBTabBarItemsDifference.h */ = {isa = PBXFileReference; lastKnownFileType = sourcecode.c.h; path = TBTabBarItemsDifference.h; sourceTree = "<group>"; };
		812AEA702552929B003AB231 /* TBTabBarItemsDifference.m */ = {isa = PBXFileReference; lastKnownFileType = sourcecode.c.objc; path = TBTabBarItemsDifference.m; sourceTree = "<group>"; };
		812AEA75255292DF003AB231 /* TBTabBarItemChange.h */ = {isa = PBXFileReference; lastKnownFileType = sourcecode.c.h; path = TBTabBarItemChange.h; sourceTree = "<group>"; };
		812AEA76255292DF003AB231 /* TBTabBarItemChange.m */ = {isa = PBXFileReference; lastKnownFileType = sourcecode.c.objc; path = TBTabBarItemChange.m; sourceTree = "<group>"; };
		813570BA2558E9E100CC91B8 /* _TBStackView.h */ = {isa = PBXFileReference; lastKnownFileType = sourcecode.c.h; path = _TBStackView.h; sourceTree = "<group>"; };
		813570BB2558E9E100CC91B8 /* _TBStackView.m */ = {isa = PBXFileReference; lastKnownFileType = sourcecode.c.objc; path = _TBStackView.m; sourceTree = "<group>"; };
		814B128424BAD64E0063A09D /* TBTabBarController.framework */ = {isa = PBXFileReference; explicitFileType = wrapper.framework; includeInIndex = 0; path = TBTabBarController.framework; sourceTree = BUILT_PRODUCTS_DIR; };
		814B128724BAD64E0063A09D /* TBTabBarControllerFramework.h */ = {isa = PBXFileReference; lastKnownFileType = sourcecode.c.h; path = TBTabBarControllerFramework.h; sourceTree = "<group>"; };
		814B128824BAD64E0063A09D /* Info.plist */ = {isa = PBXFileReference; lastKnownFileType = text.plist.xml; path = Info.plist; sourceTree = "<group>"; };
		814C6EB3257FD65700D7C6DC /* ObjcExample.app */ = {isa = PBXFileReference; explicitFileType = wrapper.application; includeInIndex = 0; path = ObjcExample.app; sourceTree = BUILT_PRODUCTS_DIR; };
		814C6EB5257FD65700D7C6DC /* AppDelegate.h */ = {isa = PBXFileReference; lastKnownFileType = sourcecode.c.h; path = AppDelegate.h; sourceTree = "<group>"; };
		814C6EB6257FD65700D7C6DC /* AppDelegate.m */ = {isa = PBXFileReference; lastKnownFileType = sourcecode.c.objc; path = AppDelegate.m; sourceTree = "<group>"; };
		814C6EB8257FD65700D7C6DC /* SceneDelegate.h */ = {isa = PBXFileReference; lastKnownFileType = sourcecode.c.h; path = SceneDelegate.h; sourceTree = "<group>"; };
		814C6EB9257FD65700D7C6DC /* SceneDelegate.m */ = {isa = PBXFileReference; lastKnownFileType = sourcecode.c.objc; path = SceneDelegate.m; sourceTree = "<group>"; };
		814C6EBB257FD65700D7C6DC /* TabViewController.h */ = {isa = PBXFileReference; lastKnownFileType = sourcecode.c.h; path = TabViewController.h; sourceTree = "<group>"; };
		814C6EBC257FD65700D7C6DC /* TabViewController.m */ = {isa = PBXFileReference; lastKnownFileType = sourcecode.c.objc; path = TabViewController.m; sourceTree = "<group>"; };
		814C6EC1257FD65900D7C6DC /* Assets.xcassets */ = {isa = PBXFileReference; lastKnownFileType = folder.assetcatalog; path = Assets.xcassets; sourceTree = "<group>"; };
		814C6EC4257FD65900D7C6DC /* Base */ = {isa = PBXFileReference; lastKnownFileType = file.storyboard; name = Base; path = Base.lproj/LaunchScreen.storyboard; sourceTree = "<group>"; };
		814C6EC6257FD65900D7C6DC /* Info.plist */ = {isa = PBXFileReference; lastKnownFileType = text.plist.xml; path = Info.plist; sourceTree = "<group>"; };
		814C6EC7257FD65900D7C6DC /* main.m */ = {isa = PBXFileReference; lastKnownFileType = sourcecode.c.objc; path = main.m; sourceTree = "<group>"; };
		814C6ECE257FE64500D7C6DC /* TabBarController.h */ = {isa = PBXFileReference; lastKnownFileType = sourcecode.c.h; path = TabBarController.h; sourceTree = "<group>"; };
		814C6ECF257FE64500D7C6DC /* TabBarController.m */ = {isa = PBXFileReference; lastKnownFileType = sourcecode.c.objc; path = TabBarController.m; sourceTree = "<group>"; };
		814C6ED7257FEB9700D7C6DC /* SettingsViewController.h */ = {isa = PBXFileReference; lastKnownFileType = sourcecode.c.h; path = SettingsViewController.h; sourceTree = "<group>"; };
		814C6ED8257FEB9700D7C6DC /* SettingsViewController.m */ = {isa = PBXFileReference; lastKnownFileType = sourcecode.c.objc; path = SettingsViewController.m; sourceTree = "<group>"; };
		814C6EDC257FED3400D7C6DC /* ToggleTableViewCell.h */ = {isa = PBXFileReference; lastKnownFileType = sourcecode.c.h; path = ToggleTableViewCell.h; sourceTree = "<group>"; };
		814C6EDD257FED3400D7C6DC /* ToggleTableViewCell.m */ = {isa = PBXFileReference; lastKnownFileType = sourcecode.c.objc; path = ToggleTableViewCell.m; sourceTree = "<group>"; };
		814C6EEA2580B50600D7C6DC /* EntryPoint.h */ = {isa = PBXFileReference; lastKnownFileType = sourcecode.c.h; path = EntryPoint.h; sourceTree = "<group>"; };
		814C6EEB2580B50600D7C6DC /* EntryPoint.m */ = {isa = PBXFileReference; lastKnownFileType = sourcecode.c.objc; path = EntryPoint.m; sourceTree = "<group>"; };
		814C6EF22580B80900D7C6DC /* SwiftExample.app */ = {isa = PBXFileReference; explicitFileType = wrapper.application; includeInIndex = 0; path = SwiftExample.app; sourceTree = BUILT_PRODUCTS_DIR; };
		814C6EF42580B80900D7C6DC /* AppDelegate.swift */ = {isa = PBXFileReference; lastKnownFileType = sourcecode.swift; path = AppDelegate.swift; sourceTree = "<group>"; };
		814C6EF62580B80900D7C6DC /* SceneDelegate.swift */ = {isa = PBXFileReference; lastKnownFileType = sourcecode.swift; path = SceneDelegate.swift; sourceTree = "<group>"; };
		814C6EF82580B80900D7C6DC /* TabViewController.swift */ = {isa = PBXFileReference; lastKnownFileType = sourcecode.swift; path = TabViewController.swift; sourceTree = "<group>"; };
		814C6EFD2580B80B00D7C6DC /* Assets.xcassets */ = {isa = PBXFileReference; lastKnownFileType = folder.assetcatalog; path = Assets.xcassets; sourceTree = "<group>"; };
		814C6F002580B80B00D7C6DC /* Base */ = {isa = PBXFileReference; lastKnownFileType = file.storyboard; name = Base; path = Base.lproj/LaunchScreen.storyboard; sourceTree = "<group>"; };
		814C6F022580B80B00D7C6DC /* Info.plist */ = {isa = PBXFileReference; lastKnownFileType = text.plist.xml; path = Info.plist; sourceTree = "<group>"; };
		814C6F112580B93900D7C6DC /* TabBarController.swift */ = {isa = PBXFileReference; lastKnownFileType = sourcecode.swift; path = TabBarController.swift; sourceTree = "<group>"; };
		814C6F172580C74000D7C6DC /* SettingsViewController.swift */ = {isa = PBXFileReference; lastKnownFileType = sourcecode.swift; path = SettingsViewController.swift; sourceTree = "<group>"; };
		814C6F1A2580C84000D7C6DC /* ToggleTableViewCell.swift */ = {isa = PBXFileReference; lastKnownFileType = sourcecode.swift; path = ToggleTableViewCell.swift; sourceTree = "<group>"; };
		814C6F1D2580D16500D7C6DC /* EntryPoint.swift */ = {isa = PBXFileReference; lastKnownFileType = sourcecode.swift; path = EntryPoint.swift; sourceTree = "<group>"; };
		815C582C256A4DA200001E21 /* TBSimpleBar.h */ = {isa = PBXFileReference; lastKnownFileType = sourcecode.c.h; path = TBSimpleBar.h; sourceTree = "<group>"; };
		815C582D256A4DA200001E21 /* TBSimpleBar.m */ = {isa = PBXFileReference; lastKnownFileType = sourcecode.c.objc; path = TBSimpleBar.m; sourceTree = "<group>"; };
		8185B60129850F0A00A97CA2 /* NSArray+Extensions.h */ = {isa = PBXFileReference; lastKnownFileType = sourcecode.c.h; path = "NSArray+Extensions.h"; sourceTree = "<group>"; };
		8185B60229850F0A00A97CA2 /* NSArray+Extensions.m */ = {isa = PBXFileReference; lastKnownFileType = sourcecode.c.objc; path = "NSArray+Extensions.m"; sourceTree = "<group>"; };
		818F46F729882FD2008F2E41 /* _TBTabBarControllerTransitionContext.h */ = {isa = PBXFileReference; lastKnownFileType = sourcecode.c.h; path = _TBTabBarControllerTransitionContext.h; sourceTree = "<group>"; };
		818F46F829882FD2008F2E41 /* _TBTabBarControllerTransitionContext.m */ = {isa = PBXFileReference; lastKnownFileType = sourcecode.c.objc; path = _TBTabBarControllerTransitionContext.m; sourceTree = "<group>"; };
		818F46FB2988F2A8008F2E41 /* _TBTabBarControllerTransitionAnimator.h */ = {isa = PBXFileReference; lastKnownFileType = sourcecode.c.h; path = _TBTabBarControllerTransitionAnimator.h; sourceTree = "<group>"; };
		818F46FC2988F2A8008F2E41 /* _TBTabBarControllerTransitionAnimator.m */ = {isa = PBXFileReference; lastKnownFileType = sourcecode.c.objc; path = _TBTabBarControllerTransitionAnimator.m; sourceTree = "<group>"; };
		81B2146E24BAD90800DF7E2C /* TBTabBarController.h */ = {isa = PBXFileReference; lastKnownFileType = sourcecode.c.h; path = TBTabBarController.h; sourceTree = "<group>"; };
		81B2146F24BAD90800DF7E2C /* TBTabBarController.m */ = {isa = PBXFileReference; lastKnownFileType = sourcecode.c.objc; path = TBTabBarController.m; sourceTree = "<group>"; };
		81B2147224BAD94700DF7E2C /* TBTabBarController+Private.h */ = {isa = PBXFileReference; lastKnownFileType = sourcecode.c.h; path = "TBTabBarController+Private.h"; sourceTree = "<group>"; };
		81B2147424BAD96C00DF7E2C /* TBTabBar.h */ = {isa = PBXFileReference; lastKnownFileType = sourcecode.c.h; path = TBTabBar.h; sourceTree = "<group>"; };
		81B2147524BAD96C00DF7E2C /* TBTabBar.m */ = {isa = PBXFileReference; lastKnownFileType = sourcecode.c.objc; path = TBTabBar.m; sourceTree = "<group>"; };
		81B2147824BAD99400DF7E2C /* TBTabBarItem.h */ = {isa = PBXFileReference; lastKnownFileType = sourcecode.c.h; path = TBTabBarItem.h; sourceTree = "<group>"; };
		81B2147924BAD99400DF7E2C /* TBTabBarItem.m */ = {isa = PBXFileReference; lastKnownFileType = sourcecode.c.objc; path = TBTabBarItem.m; sourceTree = "<group>"; };
		81B2147C24BAD9C100DF7E2C /* TBTabBarButton.h */ = {isa = PBXFileReference; lastKnownFileType = sourcecode.c.h; path = TBTabBarButton.h; sourceTree = "<group>"; };
		81B2147D24BAD9C100DF7E2C /* TBTabBarButton.m */ = {isa = PBXFileReference; lastKnownFileType = sourcecode.c.objc; path = TBTabBarButton.m; sourceTree = "<group>"; };
		81B2148024BAD9F500DF7E2C /* TBTabBar+Private.h */ = {isa = PBXFileReference; lastKnownFileType = sourcecode.c.h; path = "TBTabBar+Private.h"; sourceTree = "<group>"; };
		81B2148224BADA1500DF7E2C /* TBDummyBar.h */ = {isa = PBXFileReference; lastKnownFileType = sourcecode.c.h; path = TBDummyBar.h; sourceTree = "<group>"; };
		81B2148324BADA1500DF7E2C /* TBDummyBar.m */ = {isa = PBXFileReference; lastKnownFileType = sourcecode.c.objc; path = TBDummyBar.m; sourceTree = "<group>"; };
		81B2148624BADA5800DF7E2C /* _TBTabBarLongPressState.h */ = {isa = PBXFileReference; lastKnownFileType = sourcecode.c.h; path = _TBTabBarLongPressState.h; sourceTree = "<group>"; };
		81B2148724BADA5800DF7E2C /* _TBTabBarLongPressState.m */ = {isa = PBXFileReference; lastKnownFileType = sourcecode.c.objc; path = _TBTabBarLongPressState.m; sourceTree = "<group>"; };
		81B2148A24BADBDC00DF7E2C /* _TBUtils.h */ = {isa = PBXFileReference; lastKnownFileType = sourcecode.c.h; path = _TBUtils.h; sourceTree = "<group>"; };
		81B2148B24BADBDC00DF7E2C /* _TBUtils.m */ = {isa = PBXFileReference; lastKnownFileType = sourcecode.c.objc; path = _TBUtils.m; sourceTree = "<group>"; };
		81B2149224BAEBFA00DF7E2C /* UINavigationController+Extensions.h */ = {isa = PBXFileReference; lastKnownFileType = sourcecode.c.h; path = "UINavigationController+Extensions.h"; sourceTree = "<group>"; };
		81B2149324BAEBFA00DF7E2C /* UINavigationController+Extensions.m */ = {isa = PBXFileReference; lastKnownFileType = sourcecode.c.objc; path = "UINavigationController+Extensions.m"; sourceTree = "<group>"; };
		81BC8E302575208800222814 /* _TBTabBarControllerTransitionState.h */ = {isa = PBXFileReference; lastKnownFileType = sourcecode.c.h; path = _TBTabBarControllerTransitionState.h; sourceTree = "<group>"; };
		81BC8E312575208800222814 /* _TBTabBarControllerTransitionState.m */ = {isa = PBXFileReference; lastKnownFileType = sourcecode.c.objc; path = _TBTabBarControllerTransitionState.m; sourceTree = "<group>"; };
/* End PBXFileReference section */

/* Begin PBXFrameworksBuildPhase section */
		814B128124BAD64E0063A09D /* Frameworks */ = {
			isa = PBXFrameworksBuildPhase;
			buildActionMask = 2147483647;
			files = (
			);
			runOnlyForDeploymentPostprocessing = 0;
		};
		814C6EB0257FD65700D7C6DC /* Frameworks */ = {
			isa = PBXFrameworksBuildPhase;
			buildActionMask = 2147483647;
			files = (
				814C6EE1257FF0BE00D7C6DC /* TBTabBarController.framework in Frameworks */,
			);
			runOnlyForDeploymentPostprocessing = 0;
		};
		814C6EEF2580B80900D7C6DC /* Frameworks */ = {
			isa = PBXFrameworksBuildPhase;
			buildActionMask = 2147483647;
			files = (
				814C6F082580B81E00D7C6DC /* TBTabBarController.framework in Frameworks */,
			);
			runOnlyForDeploymentPostprocessing = 0;
		};
/* End PBXFrameworksBuildPhase section */

/* Begin PBXGroup section */
		8102CDCB2982F4EC0073CBAB /* UIKit */ = {
			isa = PBXGroup;
			children = (
				81B2149224BAEBFA00DF7E2C /* UINavigationController+Extensions.h */,
				81B2149324BAEBFA00DF7E2C /* UINavigationController+Extensions.m */,
				812AEA532551ABC4003AB231 /* UIView+Extensions.h */,
				812AEA542551ABC4003AB231 /* UIView+Extensions.m */,
				8102CDCE2983932F0073CBAB /* UIApplication+Extensions.h */,
				8102CDCF2983932F0073CBAB /* UIApplication+Extensions.m */,
			);
			path = UIKit;
			sourceTree = "<group>";
		};
		814B127A24BAD64E0063A09D = {
			isa = PBXGroup;
			children = (
				814B128624BAD64E0063A09D /* TBTabBarController */,
				814C6EB4257FD65700D7C6DC /* ObjcExample */,
				814C6EF32580B80900D7C6DC /* SwiftExample */,
				814B128524BAD64E0063A09D /* Products */,
				81DC432C24EE7F9100471C71 /* Frameworks */,
			);
			sourceTree = "<group>";
		};
		814B128524BAD64E0063A09D /* Products */ = {
			isa = PBXGroup;
			children = (
				814B128424BAD64E0063A09D /* TBTabBarController.framework */,
				814C6EB3257FD65700D7C6DC /* ObjcExample.app */,
				814C6EF22580B80900D7C6DC /* SwiftExample.app */,
			);
			name = Products;
			sourceTree = "<group>";
		};
		814B128624BAD64E0063A09D /* TBTabBarController */ = {
			isa = PBXGroup;
			children = (
				814B128724BAD64E0063A09D /* TBTabBarControllerFramework.h */,
				814B128824BAD64E0063A09D /* Info.plist */,
				81B5B10A256ED57D00A9194E /* Source */,
			);
			path = TBTabBarController;
			sourceTree = "<group>";
		};
		814C6EB4257FD65700D7C6DC /* ObjcExample */ = {
			isa = PBXGroup;
			children = (
				814C6EB5257FD65700D7C6DC /* AppDelegate.h */,
				814C6EB6257FD65700D7C6DC /* AppDelegate.m */,
				814C6EB8257FD65700D7C6DC /* SceneDelegate.h */,
				814C6EB9257FD65700D7C6DC /* SceneDelegate.m */,
				814C6EEA2580B50600D7C6DC /* EntryPoint.h */,
				814C6EEB2580B50600D7C6DC /* EntryPoint.m */,
				814C6ECE257FE64500D7C6DC /* TabBarController.h */,
				814C6ECF257FE64500D7C6DC /* TabBarController.m */,
				814C6EBB257FD65700D7C6DC /* TabViewController.h */,
				814C6EBC257FD65700D7C6DC /* TabViewController.m */,
				814C6ED7257FEB9700D7C6DC /* SettingsViewController.h */,
				814C6ED8257FEB9700D7C6DC /* SettingsViewController.m */,
				814C6EDC257FED3400D7C6DC /* ToggleTableViewCell.h */,
				814C6EDD257FED3400D7C6DC /* ToggleTableViewCell.m */,
				814C6EC1257FD65900D7C6DC /* Assets.xcassets */,
				814C6EC3257FD65900D7C6DC /* LaunchScreen.storyboard */,
				814C6EC6257FD65900D7C6DC /* Info.plist */,
				814C6EC7257FD65900D7C6DC /* main.m */,
			);
			path = ObjcExample;
			sourceTree = "<group>";
		};
		814C6EF32580B80900D7C6DC /* SwiftExample */ = {
			isa = PBXGroup;
			children = (
				814C6F022580B80B00D7C6DC /* Info.plist */,
				814C6EFD2580B80B00D7C6DC /* Assets.xcassets */,
				814C6EFF2580B80B00D7C6DC /* LaunchScreen.storyboard */,
				814C6EF42580B80900D7C6DC /* AppDelegate.swift */,
				814C6F1D2580D16500D7C6DC /* EntryPoint.swift */,
				814C6EF62580B80900D7C6DC /* SceneDelegate.swift */,
				814C6F172580C74000D7C6DC /* SettingsViewController.swift */,
				814C6F112580B93900D7C6DC /* TabBarController.swift */,
				814C6EF82580B80900D7C6DC /* TabViewController.swift */,
				8102CDCC2982FFFB0073CBAB /* ToggleItem.swift */,
				814C6F1A2580C84000D7C6DC /* ToggleTableViewCell.swift */,
			);
			path = SwiftExample;
			sourceTree = "<group>";
		};
		8185B60529850F0E00A97CA2 /* Foundation */ = {
			isa = PBXGroup;
			children = (
				8185B60129850F0A00A97CA2 /* NSArray+Extensions.h */,
				8185B60229850F0A00A97CA2 /* NSArray+Extensions.m */,
			);
			path = Foundation;
			sourceTree = "<group>";
		};
		81B5B10A256ED57D00A9194E /* Source */ = {
			isa = PBXGroup;
			children = (
				81B5B111256ED59000A9194E /* Categories */,
				81B5B114256ED5A600A9194E /* Private */,
				81B2148224BADA1500DF7E2C /* TBDummyBar.h */,
				81B2148324BADA1500DF7E2C /* TBDummyBar.m */,
				815C582C256A4DA200001E21 /* TBSimpleBar.h */,
				815C582D256A4DA200001E21 /* TBSimpleBar.m */,
				81B2147424BAD96C00DF7E2C /* TBTabBar.h */,
				81B2147524BAD96C00DF7E2C /* TBTabBar.m */,
				81B2148024BAD9F500DF7E2C /* TBTabBar+Private.h */,
				81B2147C24BAD9C100DF7E2C /* TBTabBarButton.h */,
				81B2147D24BAD9C100DF7E2C /* TBTabBarButton.m */,
				81B2146E24BAD90800DF7E2C /* TBTabBarController.h */,
				81B2146F24BAD90800DF7E2C /* TBTabBarController.m */,
				81B2147224BAD94700DF7E2C /* TBTabBarController+Private.h */,
				81B2147824BAD99400DF7E2C /* TBTabBarItem.h */,
				81B2147924BAD99400DF7E2C /* TBTabBarItem.m */,
				812AEA75255292DF003AB231 /* TBTabBarItemChange.h */,
				812AEA76255292DF003AB231 /* TBTabBarItemChange.m */,
				812AEA6F2552929B003AB231 /* TBTabBarItemsDifference.h */,
				812AEA702552929B003AB231 /* TBTabBarItemsDifference.m */,
			);
			path = Source;
			sourceTree = "<group>";
		};
		81B5B111256ED59000A9194E /* Categories */ = {
			isa = PBXGroup;
			children = (
				8185B60529850F0E00A97CA2 /* Foundation */,
				8102CDCB2982F4EC0073CBAB /* UIKit */,
			);
			path = Categories;
			sourceTree = "<group>";
		};
		81B5B114256ED5A600A9194E /* Private */ = {
			isa = PBXGroup;
			children = (
				813570BA2558E9E100CC91B8 /* _TBStackView.h */,
				813570BB2558E9E100CC91B8 /* _TBStackView.m */,
				818F46FB2988F2A8008F2E41 /* _TBTabBarControllerTransitionAnimator.h */,
				818F46FC2988F2A8008F2E41 /* _TBTabBarControllerTransitionAnimator.m */,
				818F46F729882FD2008F2E41 /* _TBTabBarControllerTransitionContext.h */,
				818F46F829882FD2008F2E41 /* _TBTabBarControllerTransitionContext.m */,
				81BC8E302575208800222814 /* _TBTabBarControllerTransitionState.h */,
				81BC8E312575208800222814 /* _TBTabBarControllerTransitionState.m */,
				81B2148624BADA5800DF7E2C /* _TBTabBarLongPressState.h */,
				81B2148724BADA5800DF7E2C /* _TBTabBarLongPressState.m */,
				81B2148A24BADBDC00DF7E2C /* _TBUtils.h */,
				81B2148B24BADBDC00DF7E2C /* _TBUtils.m */,
			);
			path = Private;
			sourceTree = "<group>";
		};
		81DC432C24EE7F9100471C71 /* Frameworks */ = {
			isa = PBXGroup;
			children = (
			);
			name = Frameworks;
			sourceTree = "<group>";
		};
/* End PBXGroup section */

/* Begin PBXHeadersBuildPhase section */
		814B127F24BAD64E0063A09D /* Headers */ = {
			isa = PBXHeadersBuildPhase;
			buildActionMask = 2147483647;
			files = (
				81B2147A24BAD99400DF7E2C /* TBTabBarItem.h in Headers */,
				81B2147024BAD90800DF7E2C /* TBTabBarController.h in Headers */,
				81B2147624BAD96C00DF7E2C /* TBTabBar.h in Headers */,
				81B2148424BADA1500DF7E2C /* TBDummyBar.h in Headers */,
				818F46FD2988F2A8008F2E41 /* _TBTabBarControllerTransitionAnimator.h in Headers */,
				818F46F929882FD2008F2E41 /* _TBTabBarControllerTransitionContext.h in Headers */,
				81B2147E24BAD9C100DF7E2C /* TBTabBarButton.h in Headers */,
				81B2148124BAD9F500DF7E2C /* TBTabBar+Private.h in Headers */,
				812AEA712552929B003AB231 /* TBTabBarItemsDifference.h in Headers */,
				81BC8E252574E15E00222814 /* TBTabBarController+Private.h in Headers */,
				812AEA77255292DF003AB231 /* TBTabBarItemChange.h in Headers */,
				815C582E256A4DA200001E21 /* TBSimpleBar.h in Headers */,
				814B128924BAD64E0063A09D /* TBTabBarControllerFramework.h in Headers */,
				81BC8E322575208800222814 /* _TBTabBarControllerTransitionState.h in Headers */,
				81B2148824BADA5800DF7E2C /* _TBTabBarLongPressState.h in Headers */,
				81B2148C24BADBDC00DF7E2C /* _TBUtils.h in Headers */,
				8102CDD02983932F0073CBAB /* UIApplication+Extensions.h in Headers */,
				813570BC2558E9E100CC91B8 /* _TBStackView.h in Headers */,
				81B2149424BAEBFA00DF7E2C /* UINavigationController+Extensions.h in Headers */,
				8185B60329850F0A00A97CA2 /* NSArray+Extensions.h in Headers */,
				812AEA552551ABC4003AB231 /* UIView+Extensions.h in Headers */,
			);
			runOnlyForDeploymentPostprocessing = 0;
		};
/* End PBXHeadersBuildPhase section */

/* Begin PBXNativeTarget section */
		814B128324BAD64E0063A09D /* TBTabBarController */ = {
			isa = PBXNativeTarget;
			buildConfigurationList = 814B128C24BAD64E0063A09D /* Build configuration list for PBXNativeTarget "TBTabBarController" */;
			buildPhases = (
				814B127F24BAD64E0063A09D /* Headers */,
				814B128024BAD64E0063A09D /* Sources */,
				814B128124BAD64E0063A09D /* Frameworks */,
				814B128224BAD64E0063A09D /* Resources */,
			);
			buildRules = (
			);
			dependencies = (
			);
			name = TBTabBarController;
			productName = TweetbotTabBarController;
			productReference = 814B128424BAD64E0063A09D /* TBTabBarController.framework */;
			productType = "com.apple.product-type.framework";
		};
		814C6EB2257FD65700D7C6DC /* ObjcExample */ = {
			isa = PBXNativeTarget;
			buildConfigurationList = 814C6ECB257FD65900D7C6DC /* Build configuration list for PBXNativeTarget "ObjcExample" */;
			buildPhases = (
				814C6EAF257FD65700D7C6DC /* Sources */,
				814C6EB0257FD65700D7C6DC /* Frameworks */,
				814C6EB1257FD65700D7C6DC /* Resources */,
				814C6EE5257FF0BE00D7C6DC /* Embed Frameworks */,
			);
			buildRules = (
			);
			dependencies = (
				814C6EE4257FF0BE00D7C6DC /* PBXTargetDependency */,
			);
			name = ObjcExample;
			productName = ObjcExample;
			productReference = 814C6EB3257FD65700D7C6DC /* ObjcExample.app */;
			productType = "com.apple.product-type.application";
		};
		814C6EF12580B80900D7C6DC /* SwiftExample */ = {
			isa = PBXNativeTarget;
			buildConfigurationList = 814C6F032580B80B00D7C6DC /* Build configuration list for PBXNativeTarget "SwiftExample" */;
			buildPhases = (
				814C6EEE2580B80900D7C6DC /* Sources */,
				814C6EEF2580B80900D7C6DC /* Frameworks */,
				814C6EF02580B80900D7C6DC /* Resources */,
				814C6F0C2580B81E00D7C6DC /* Embed Frameworks */,
			);
			buildRules = (
			);
			dependencies = (
				814C6F0B2580B81E00D7C6DC /* PBXTargetDependency */,
			);
			name = SwiftExample;
			productName = SwiftExample;
			productReference = 814C6EF22580B80900D7C6DC /* SwiftExample.app */;
			productType = "com.apple.product-type.application";
		};
/* End PBXNativeTarget section */

/* Begin PBXProject section */
		814B127B24BAD64E0063A09D /* Project object */ = {
			isa = PBXProject;
			attributes = {
				LastSwiftUpdateCheck = 1230;
				LastUpgradeCheck = 1420;
				ORGANIZATIONNAME = "Timur Ganiev";
				TargetAttributes = {
					814B128324BAD64E0063A09D = {
						CreatedOnToolsVersion = 11.5;
					};
					814C6EB2257FD65700D7C6DC = {
						CreatedOnToolsVersion = 12.3;
					};
					814C6EF12580B80900D7C6DC = {
						CreatedOnToolsVersion = 12.3;
					};
				};
			};
			buildConfigurationList = 814B127E24BAD64E0063A09D /* Build configuration list for PBXProject "TBTabBarController" */;
			compatibilityVersion = "Xcode 9.3";
			developmentRegion = en;
			hasScannedForEncodings = 0;
			knownRegions = (
				en,
				Base,
			);
			mainGroup = 814B127A24BAD64E0063A09D;
			productRefGroup = 814B128524BAD64E0063A09D /* Products */;
			projectDirPath = "";
			projectRoot = "";
			targets = (
				814B128324BAD64E0063A09D /* TBTabBarController */,
				814C6EB2257FD65700D7C6DC /* ObjcExample */,
				814C6EF12580B80900D7C6DC /* SwiftExample */,
			);
		};
/* End PBXProject section */

/* Begin PBXResourcesBuildPhase section */
		814B128224BAD64E0063A09D /* Resources */ = {
			isa = PBXResourcesBuildPhase;
			buildActionMask = 2147483647;
			files = (
			);
			runOnlyForDeploymentPostprocessing = 0;
		};
		814C6EB1257FD65700D7C6DC /* Resources */ = {
			isa = PBXResourcesBuildPhase;
			buildActionMask = 2147483647;
			files = (
				814C6EC5257FD65900D7C6DC /* LaunchScreen.storyboard in Resources */,
				814C6EC2257FD65900D7C6DC /* Assets.xcassets in Resources */,
			);
			runOnlyForDeploymentPostprocessing = 0;
		};
		814C6EF02580B80900D7C6DC /* Resources */ = {
			isa = PBXResourcesBuildPhase;
			buildActionMask = 2147483647;
			files = (
				814C6F012580B80B00D7C6DC /* LaunchScreen.storyboard in Resources */,
				814C6EFE2580B80B00D7C6DC /* Assets.xcassets in Resources */,
			);
			runOnlyForDeploymentPostprocessing = 0;
		};
/* End PBXResourcesBuildPhase section */

/* Begin PBXSourcesBuildPhase section */
		814B128024BAD64E0063A09D /* Sources */ = {
			isa = PBXSourcesBuildPhase;
			buildActionMask = 2147483647;
			files = (
				8102CDD12983932F0073CBAB /* UIApplication+Extensions.m in Sources */,
				81B2148D24BADBDC00DF7E2C /* _TBUtils.m in Sources */,
				81B2147124BAD90800DF7E2C /* TBTabBarController.m in Sources */,
				81B2148524BADA1500DF7E2C /* TBDummyBar.m in Sources */,
				812AEA722552929B003AB231 /* TBTabBarItemsDifference.m in Sources */,
				818F46FE2988F2A8008F2E41 /* _TBTabBarControllerTransitionAnimator.m in Sources */,
				81BC8E332575208800222814 /* _TBTabBarControllerTransitionState.m in Sources */,
				81B2147F24BAD9C100DF7E2C /* TBTabBarButton.m in Sources */,
				8185B60429850F0A00A97CA2 /* NSArray+Extensions.m in Sources */,
				813570BD2558E9E100CC91B8 /* _TBStackView.m in Sources */,
				812AEA562551ABC4003AB231 /* UIView+Extensions.m in Sources */,
				81B2148924BADA5800DF7E2C /* _TBTabBarLongPressState.m in Sources */,
				81B2149524BAEBFA00DF7E2C /* UINavigationController+Extensions.m in Sources */,
				815C582F256A4DA200001E21 /* TBSimpleBar.m in Sources */,
				818F46FA29882FD2008F2E41 /* _TBTabBarControllerTransitionContext.m in Sources */,
				81B2147724BAD96C00DF7E2C /* TBTabBar.m in Sources */,
				812AEA78255292DF003AB231 /* TBTabBarItemChange.m in Sources */,
				81B2147B24BAD99400DF7E2C /* TBTabBarItem.m in Sources */,
			);
			runOnlyForDeploymentPostprocessing = 0;
		};
		814C6EAF257FD65700D7C6DC /* Sources */ = {
			isa = PBXSourcesBuildPhase;
			buildActionMask = 2147483647;
			files = (
				814C6EBD257FD65700D7C6DC /* TabViewController.m in Sources */,
				814C6EB7257FD65700D7C6DC /* AppDelegate.m in Sources */,
				814C6ED0257FE64500D7C6DC /* TabBarController.m in Sources */,
				814C6EEC2580B50600D7C6DC /* EntryPoint.m in Sources */,
				814C6ED9257FEB9700D7C6DC /* SettingsViewController.m in Sources */,
				814C6EC8257FD65900D7C6DC /* main.m in Sources */,
				814C6EBA257FD65700D7C6DC /* SceneDelegate.m in Sources */,
				814C6EDE257FED3400D7C6DC /* ToggleTableViewCell.m in Sources */,
			);
			runOnlyForDeploymentPostprocessing = 0;
		};
		814C6EEE2580B80900D7C6DC /* Sources */ = {
			isa = PBXSourcesBuildPhase;
			buildActionMask = 2147483647;
			files = (
				814C6EF92580B80900D7C6DC /* TabViewController.swift in Sources */,
				8102CDCD2982FFFB0073CBAB /* ToggleItem.swift in Sources */,
				814C6F1B2580C84000D7C6DC /* ToggleTableViewCell.swift in Sources */,
				814C6F122580B93900D7C6DC /* TabBarController.swift in Sources */,
				814C6EF52580B80900D7C6DC /* AppDelegate.swift in Sources */,
				814C6F182580C74000D7C6DC /* SettingsViewController.swift in Sources */,
				814C6F1E2580D16500D7C6DC /* EntryPoint.swift in Sources */,
				814C6EF72580B80900D7C6DC /* SceneDelegate.swift in Sources */,
			);
			runOnlyForDeploymentPostprocessing = 0;
		};
/* End PBXSourcesBuildPhase section */

/* Begin PBXTargetDependency section */
		814C6EE4257FF0BE00D7C6DC /* PBXTargetDependency */ = {
			isa = PBXTargetDependency;
			target = 814B128324BAD64E0063A09D /* TBTabBarController */;
			targetProxy = 814C6EE3257FF0BE00D7C6DC /* PBXContainerItemProxy */;
		};
		814C6F0B2580B81E00D7C6DC /* PBXTargetDependency */ = {
			isa = PBXTargetDependency;
			target = 814B128324BAD64E0063A09D /* TBTabBarController */;
			targetProxy = 814C6F0A2580B81E00D7C6DC /* PBXContainerItemProxy */;
		};
/* End PBXTargetDependency section */

/* Begin PBXVariantGroup section */
		814C6EC3257FD65900D7C6DC /* LaunchScreen.storyboard */ = {
			isa = PBXVariantGroup;
			children = (
				814C6EC4257FD65900D7C6DC /* Base */,
			);
			name = LaunchScreen.storyboard;
			sourceTree = "<group>";
		};
		814C6EFF2580B80B00D7C6DC /* LaunchScreen.storyboard */ = {
			isa = PBXVariantGroup;
			children = (
				814C6F002580B80B00D7C6DC /* Base */,
			);
			name = LaunchScreen.storyboard;
			sourceTree = "<group>";
		};
/* End PBXVariantGroup section */

/* Begin XCBuildConfiguration section */
		814B128A24BAD64E0063A09D /* Debug */ = {
			isa = XCBuildConfiguration;
			buildSettings = {
				ALWAYS_SEARCH_USER_PATHS = NO;
				CLANG_ANALYZER_NONNULL = YES;
				CLANG_ANALYZER_NUMBER_OBJECT_CONVERSION = YES_AGGRESSIVE;
				CLANG_CXX_LANGUAGE_STANDARD = "gnu++14";
				CLANG_CXX_LIBRARY = "libc++";
				CLANG_ENABLE_MODULES = YES;
				CLANG_ENABLE_OBJC_ARC = YES;
				CLANG_ENABLE_OBJC_WEAK = YES;
				CLANG_WARN_BLOCK_CAPTURE_AUTORELEASING = YES;
				CLANG_WARN_BOOL_CONVERSION = YES;
				CLANG_WARN_COMMA = YES;
				CLANG_WARN_CONSTANT_CONVERSION = YES;
				CLANG_WARN_DEPRECATED_OBJC_IMPLEMENTATIONS = YES;
				CLANG_WARN_DIRECT_OBJC_ISA_USAGE = YES_ERROR;
				CLANG_WARN_DOCUMENTATION_COMMENTS = YES;
				CLANG_WARN_EMPTY_BODY = YES;
				CLANG_WARN_ENUM_CONVERSION = YES;
				CLANG_WARN_INFINITE_RECURSION = YES;
				CLANG_WARN_INT_CONVERSION = YES;
				CLANG_WARN_NON_LITERAL_NULL_CONVERSION = YES;
				CLANG_WARN_OBJC_IMPLICIT_RETAIN_SELF = YES;
				CLANG_WARN_OBJC_LITERAL_CONVERSION = YES;
				CLANG_WARN_OBJC_ROOT_CLASS = YES_ERROR;
				CLANG_WARN_QUOTED_INCLUDE_IN_FRAMEWORK_HEADER = YES;
				CLANG_WARN_RANGE_LOOP_ANALYSIS = YES;
				CLANG_WARN_STRICT_PROTOTYPES = YES;
				CLANG_WARN_SUSPICIOUS_MOVE = YES;
				CLANG_WARN_UNGUARDED_AVAILABILITY = YES_AGGRESSIVE;
				CLANG_WARN_UNREACHABLE_CODE = YES;
				CLANG_WARN__DUPLICATE_METHOD_MATCH = YES;
				COPY_PHASE_STRIP = NO;
				CURRENT_PROJECT_VERSION = 1;
				DEBUG_INFORMATION_FORMAT = dwarf;
				ENABLE_STRICT_OBJC_MSGSEND = YES;
				ENABLE_TESTABILITY = YES;
				GCC_C_LANGUAGE_STANDARD = gnu11;
				GCC_DYNAMIC_NO_PIC = NO;
				GCC_NO_COMMON_BLOCKS = YES;
				GCC_OPTIMIZATION_LEVEL = 0;
				GCC_PREPROCESSOR_DEFINITIONS = (
					"DEBUG=1",
					"$(inherited)",
				);
				GCC_WARN_64_TO_32_BIT_CONVERSION = YES;
				GCC_WARN_ABOUT_RETURN_TYPE = YES_ERROR;
				GCC_WARN_UNDECLARED_SELECTOR = YES;
				GCC_WARN_UNINITIALIZED_AUTOS = YES_AGGRESSIVE;
				GCC_WARN_UNUSED_FUNCTION = YES;
				GCC_WARN_UNUSED_VARIABLE = YES;
				IPHONEOS_DEPLOYMENT_TARGET = 11.0;
				MTL_ENABLE_DEBUG_INFO = INCLUDE_SOURCE;
				MTL_FAST_MATH = YES;
				ONLY_ACTIVE_ARCH = YES;
				SDKROOT = iphoneos;
				VERSIONING_SYSTEM = "apple-generic";
				VERSION_INFO_PREFIX = "";
			};
			name = Debug;
		};
		814B128B24BAD64E0063A09D /* Release */ = {
			isa = XCBuildConfiguration;
			buildSettings = {
				ALWAYS_SEARCH_USER_PATHS = NO;
				CLANG_ANALYZER_NONNULL = YES;
				CLANG_ANALYZER_NUMBER_OBJECT_CONVERSION = YES_AGGRESSIVE;
				CLANG_CXX_LANGUAGE_STANDARD = "gnu++14";
				CLANG_CXX_LIBRARY = "libc++";
				CLANG_ENABLE_MODULES = YES;
				CLANG_ENABLE_OBJC_ARC = YES;
				CLANG_ENABLE_OBJC_WEAK = YES;
				CLANG_WARN_BLOCK_CAPTURE_AUTORELEASING = YES;
				CLANG_WARN_BOOL_CONVERSION = YES;
				CLANG_WARN_COMMA = YES;
				CLANG_WARN_CONSTANT_CONVERSION = YES;
				CLANG_WARN_DEPRECATED_OBJC_IMPLEMENTATIONS = YES;
				CLANG_WARN_DIRECT_OBJC_ISA_USAGE = YES_ERROR;
				CLANG_WARN_DOCUMENTATION_COMMENTS = YES;
				CLANG_WARN_EMPTY_BODY = YES;
				CLANG_WARN_ENUM_CONVERSION = YES;
				CLANG_WARN_INFINITE_RECURSION = YES;
				CLANG_WARN_INT_CONVERSION = YES;
				CLANG_WARN_NON_LITERAL_NULL_CONVERSION = YES;
				CLANG_WARN_OBJC_IMPLICIT_RETAIN_SELF = YES;
				CLANG_WARN_OBJC_LITERAL_CONVERSION = YES;
				CLANG_WARN_OBJC_ROOT_CLASS = YES_ERROR;
				CLANG_WARN_QUOTED_INCLUDE_IN_FRAMEWORK_HEADER = YES;
				CLANG_WARN_RANGE_LOOP_ANALYSIS = YES;
				CLANG_WARN_STRICT_PROTOTYPES = YES;
				CLANG_WARN_SUSPICIOUS_MOVE = YES;
				CLANG_WARN_UNGUARDED_AVAILABILITY = YES_AGGRESSIVE;
				CLANG_WARN_UNREACHABLE_CODE = YES;
				CLANG_WARN__DUPLICATE_METHOD_MATCH = YES;
				COPY_PHASE_STRIP = NO;
				CURRENT_PROJECT_VERSION = 1;
				DEBUG_INFORMATION_FORMAT = "dwarf-with-dsym";
				ENABLE_NS_ASSERTIONS = NO;
				ENABLE_STRICT_OBJC_MSGSEND = YES;
				GCC_C_LANGUAGE_STANDARD = gnu11;
				GCC_NO_COMMON_BLOCKS = YES;
				GCC_WARN_64_TO_32_BIT_CONVERSION = YES;
				GCC_WARN_ABOUT_RETURN_TYPE = YES_ERROR;
				GCC_WARN_UNDECLARED_SELECTOR = YES;
				GCC_WARN_UNINITIALIZED_AUTOS = YES_AGGRESSIVE;
				GCC_WARN_UNUSED_FUNCTION = YES;
				GCC_WARN_UNUSED_VARIABLE = YES;
				IPHONEOS_DEPLOYMENT_TARGET = 11.0;
				MTL_ENABLE_DEBUG_INFO = NO;
				MTL_FAST_MATH = YES;
				SDKROOT = iphoneos;
				SWIFT_COMPILATION_MODE = wholemodule;
				VALIDATE_PRODUCT = YES;
				VERSIONING_SYSTEM = "apple-generic";
				VERSION_INFO_PREFIX = "";
			};
			name = Release;
		};
		814B128D24BAD64E0063A09D /* Debug */ = {
			isa = XCBuildConfiguration;
			buildSettings = {
				CODE_SIGN_STYLE = Automatic;
				DEFINES_MODULE = YES;
				DEVELOPMENT_TEAM = UBKNNVYETE;
				DYLIB_COMPATIBILITY_VERSION = 1;
				DYLIB_CURRENT_VERSION = 1;
				DYLIB_INSTALL_NAME_BASE = "@rpath";
				INFOPLIST_FILE = TBTabBarController/Info.plist;
				INSTALL_PATH = "$(LOCAL_LIBRARY_DIR)/Frameworks";
				IPHONEOS_DEPLOYMENT_TARGET = 11.0;
				LD_RUNPATH_SEARCH_PATHS = (
					"$(inherited)",
					"@executable_path/Frameworks",
					"@loader_path/Frameworks",
				);
				PRODUCT_BUNDLE_IDENTIFIER = com.timurganiev.TBTabBarController;
				PRODUCT_NAME = "$(TARGET_NAME:c99extidentifier)";
				SKIP_INSTALL = YES;
				SUPPORTS_MACCATALYST = NO;
				TARGETED_DEVICE_FAMILY = "1,2";
			};
			name = Debug;
		};
		814B128E24BAD64E0063A09D /* Release */ = {
			isa = XCBuildConfiguration;
			buildSettings = {
				CODE_SIGN_STYLE = Automatic;
				DEFINES_MODULE = YES;
				DEVELOPMENT_TEAM = UBKNNVYETE;
				DYLIB_COMPATIBILITY_VERSION = 1;
				DYLIB_CURRENT_VERSION = 1;
				DYLIB_INSTALL_NAME_BASE = "@rpath";
				INFOPLIST_FILE = TBTabBarController/Info.plist;
				INSTALL_PATH = "$(LOCAL_LIBRARY_DIR)/Frameworks";
				IPHONEOS_DEPLOYMENT_TARGET = 11.0;
				LD_RUNPATH_SEARCH_PATHS = (
					"$(inherited)",
					"@executable_path/Frameworks",
					"@loader_path/Frameworks",
				);
				PRODUCT_BUNDLE_IDENTIFIER = com.timurganiev.TBTabBarController;
				PRODUCT_NAME = "$(TARGET_NAME:c99extidentifier)";
				SKIP_INSTALL = YES;
				SUPPORTS_MACCATALYST = NO;
				TARGETED_DEVICE_FAMILY = "1,2";
			};
			name = Release;
		};
		814C6EC9257FD65900D7C6DC /* Debug */ = {
			isa = XCBuildConfiguration;
			buildSettings = {
				ASSETCATALOG_COMPILER_APPICON_NAME = AppIcon;
				ASSETCATALOG_COMPILER_GLOBAL_ACCENT_COLOR_NAME = AccentColor;
				CODE_SIGN_STYLE = Automatic;
				DEVELOPMENT_TEAM = UBKNNVYETE;
				INFOPLIST_FILE = ObjcExample/Info.plist;
				IPHONEOS_DEPLOYMENT_TARGET = 11.0;
				LD_RUNPATH_SEARCH_PATHS = (
					"$(inherited)",
					"@executable_path/Frameworks",
				);
				PRODUCT_BUNDLE_IDENTIFIER = com.timurganiev.ObjcExample;
				PRODUCT_NAME = "$(TARGET_NAME)";
				TARGETED_DEVICE_FAMILY = "1,2";
			};
			name = Debug;
		};
		814C6ECA257FD65900D7C6DC /* Release */ = {
			isa = XCBuildConfiguration;
			buildSettings = {
				ASSETCATALOG_COMPILER_APPICON_NAME = AppIcon;
				ASSETCATALOG_COMPILER_GLOBAL_ACCENT_COLOR_NAME = AccentColor;
				CODE_SIGN_STYLE = Automatic;
				DEVELOPMENT_TEAM = UBKNNVYETE;
				INFOPLIST_FILE = ObjcExample/Info.plist;
				IPHONEOS_DEPLOYMENT_TARGET = 11.0;
				LD_RUNPATH_SEARCH_PATHS = (
					"$(inherited)",
					"@executable_path/Frameworks",
				);
				PRODUCT_BUNDLE_IDENTIFIER = com.timurganiev.ObjcExample;
				PRODUCT_NAME = "$(TARGET_NAME)";
				TARGETED_DEVICE_FAMILY = "1,2";
			};
			name = Release;
		};
		814C6F042580B80B00D7C6DC /* Debug */ = {
			isa = XCBuildConfiguration;
			buildSettings = {
				ASSETCATALOG_COMPILER_APPICON_NAME = AppIcon;
				ASSETCATALOG_COMPILER_GLOBAL_ACCENT_COLOR_NAME = AccentColor;
				CODE_SIGN_STYLE = Automatic;
				DEVELOPMENT_TEAM = UBKNNVYETE;
				INFOPLIST_FILE = SwiftExample/Info.plist;
				IPHONEOS_DEPLOYMENT_TARGET = 11.0;
				LD_RUNPATH_SEARCH_PATHS = (
					"$(inherited)",
					"@executable_path/Frameworks",
				);
				PRODUCT_BUNDLE_IDENTIFIER = com.timurganiev.SwiftExample;
				PRODUCT_NAME = "$(TARGET_NAME)";
				SWIFT_ACTIVE_COMPILATION_CONDITIONS = DEBUG;
				SWIFT_OPTIMIZATION_LEVEL = "-Onone";
				SWIFT_VERSION = 5.0;
				TARGETED_DEVICE_FAMILY = "1,2";
			};
			name = Debug;
		};
		814C6F052580B80B00D7C6DC /* Release */ = {
			isa = XCBuildConfiguration;
			buildSettings = {
				ASSETCATALOG_COMPILER_APPICON_NAME = AppIcon;
				ASSETCATALOG_COMPILER_GLOBAL_ACCENT_COLOR_NAME = AccentColor;
				CODE_SIGN_STYLE = Automatic;
				DEVELOPMENT_TEAM = UBKNNVYETE;
				INFOPLIST_FILE = SwiftExample/Info.plist;
				IPHONEOS_DEPLOYMENT_TARGET = 11.0;
				LD_RUNPATH_SEARCH_PATHS = (
					"$(inherited)",
					"@executable_path/Frameworks",
				);
				PRODUCT_BUNDLE_IDENTIFIER = com.timurganiev.SwiftExample;
				PRODUCT_NAME = "$(TARGET_NAME)";
				SWIFT_COMPILATION_MODE = wholemodule;
				SWIFT_OPTIMIZATION_LEVEL = "-O";
				SWIFT_VERSION = 5.0;
				TARGETED_DEVICE_FAMILY = "1,2";
			};
			name = Release;
		};
/* End XCBuildConfiguration section */

/* Begin XCConfigurationList section */
		814B127E24BAD64E0063A09D /* Build configuration list for PBXProject "TBTabBarController" */ = {
			isa = XCConfigurationList;
			buildConfigurations = (
				814B128A24BAD64E0063A09D /* Debug */,
				814B128B24BAD64E0063A09D /* Release */,
			);
			defaultConfigurationIsVisible = 0;
			defaultConfigurationName = Release;
		};
		814B128C24BAD64E0063A09D /* Build configuration list for PBXNativeTarget "TBTabBarController" */ = {
			isa = XCConfigurationList;
			buildConfigurations = (
				814B128D24BAD64E0063A09D /* Debug */,
				814B128E24BAD64E0063A09D /* Release */,
			);
			defaultConfigurationIsVisible = 0;
			defaultConfigurationName = Release;
		};
		814C6ECB257FD65900D7C6DC /* Build configuration list for PBXNativeTarget "ObjcExample" */ = {
			isa = XCConfigurationList;
			buildConfigurations = (
				814C6EC9257FD65900D7C6DC /* Debug */,
				814C6ECA257FD65900D7C6DC /* Release */,
			);
			defaultConfigurationIsVisible = 0;
			defaultConfigurationName = Release;
		};
		814C6F032580B80B00D7C6DC /* Build configuration list for PBXNativeTarget "SwiftExample" */ = {
			isa = XCConfigurationList;
			buildConfigurations = (
				814C6F042580B80B00D7C6DC /* Debug */,
				814C6F052580B80B00D7C6DC /* Release */,
			);
			defaultConfigurationIsVisible = 0;
			defaultConfigurationName = Release;
		};
/* End XCConfigurationList section */
	};
	rootObject = 814B127B24BAD64E0063A09D /* Project object */;
}
